
Microsoft Visual Studio Solution File, Format Version 12.00
# Visual Studio Version 18
VisualStudioVersion = 18.0.11012.119
MinimumVisualStudioVersion = 10.0.40219.1
Project("{2150E333-8FDC-42A3-9474-1A3956D46DE8}") = "src", "src", "{02EA681E-C7D8-13C7-8484-4AC65E1B71E8}"
EndProject
Project("{2150E333-8FDC-42A3-9474-1A3956D46DE8}") = "RentIT.UsersService", "RentIT.UsersService", "{23685E43-0444-4F34-8115-6F86002D4C27}"
EndProject
Project("{FAE04EC0-301F-11D3-BF4B-00C04F79EFBC}") = "UserService.Infrastructure", "src\RentIT.UserService\UserService.Infrastructure\UserService.Infrastructure.csproj", "{781F6924-D5DF-F426-6CE4-F9D61329BA4C}"
EndProject
Project("{FAE04EC0-301F-11D3-BF4B-00C04F79EFBC}") = "UserService.API", "src\RentIT.UserService\UserService.API\UserService.API.csproj", "{0231ECCF-A28B-B302-2775-235AE4242F9F}"
EndProject
Project("{FAE04EC0-301F-11D3-BF4B-00C04F79EFBC}") = "UserService.Core", "src\RentIT.UserService\UserService.Core\UserService.Core.csproj", "{3341C988-0B0E-8B2D-8101-9E26A5739417}"
EndProject
Project("{2150E333-8FDC-42A3-9474-1A3956D46DE8}") = "RentIT.EquipmentService", "RentIT.EquipmentService", "{13019CB7-B3C3-4A90-B3EE-818F55420444}"
EndProject
Project("{2150E333-8FDC-42A3-9474-1A3956D46DE8}") = "RentIT.RentalService", "RentIT.RentalService", "{5CF6391B-A57F-4427-BCBD-1DEEB8D230C1}"
EndProject
Project("{FAE04EC0-301F-11D3-BF4B-00C04F79EFBC}") = "RentalService.Infrastructure", "src\RentIT.RentalService\RentalService.Infrastructure\RentalService.Infrastructure.csproj", "{8D922735-D785-4FD8-9332-CF23726797D1}"
EndProject
Project("{FAE04EC0-301F-11D3-BF4B-00C04F79EFBC}") = "RentalService.Core", "src\RentIT.RentalService\RentalService.Core\RentalService.Core.csproj", "{C0DEB7C7-DE7B-4A45-9D09-E6E7EDE3757C}"
EndProject
Project("{FAE04EC0-301F-11D3-BF4B-00C04F79EFBC}") = "EquipmentService.Infrastructure", "src\RentIT.EquipmentService\EquipmentService.Infrastructure\EquipmentService.Infrastructure.csproj", "{3B1C016D-21C6-4187-81DC-21D93B7AD008}"
EndProject
Project("{FAE04EC0-301F-11D3-BF4B-00C04F79EFBC}") = "EquipmentService.Core", "src\RentIT.EquipmentService\EquipmentService.Core\EquipmentService.Core.csproj", "{4ABB08EF-FBFC-4D05-BD0C-E2FC9935E01F}"
EndProject
Project("{FAE04EC0-301F-11D3-BF4B-00C04F79EFBC}") = "EquipmentService.API", "src\RentIT.EquipmentService\EquipmentService.API\EquipmentService.API.csproj", "{6B983BAE-D9CC-49A0-9A04-487125332F21}"
EndProject
Project("{FAE04EC0-301F-11D3-BF4B-00C04F79EFBC}") = "RentalService.API", "src\RentIT.RentalService\RentalService.API\RentalService.API.csproj", "{5C5CF09D-5E70-531B-3E4F-DCCD0D6F3906}"
EndProject
Project("{E53339B2-1760-4266-BCC7-CA923CBCF16C}") = "docker-compose", "docker-compose.dcproj", "{81DDED9D-158B-E303-5F62-77A2896D2A5A}"
EndProject
Project("{FAE04EC0-301F-11D3-BF4B-00C04F79EFBC}") = "RentIT.ApiGateway", "src\RentITApiGateway\RentIT.ApiGateway.csproj", "{587974BC-FFB4-4896-8685-7F25D3C3C284}"
EndProject
Project("{2150E333-8FDC-42A3-9474-1A3956D46DE8}") = "RentIT.ReviewsService", "RentIT.ReviewsService", "{7E000646-1364-4A66-AED4-60AF16E54D51}"
EndProject
Project("{FAE04EC0-301F-11D3-BF4B-00C04F79EFBC}") = "ReviewService.API", "src\RentIT.ReviewsService\ReviewService.API\ReviewService.API.csproj", "{7D21E7AA-2C27-41F6-B54B-4719E2EC3751}"
EndProject
Project("{FAE04EC0-301F-11D3-BF4B-00C04F79EFBC}") = "ReviewService.Core", "src\RentIT.ReviewsService\ReviewService.Core\ReviewService.Core.csproj", "{544EF9B8-A892-49B1-B9C5-2CEE7E4F8FAC}"
EndProject
Project("{FAE04EC0-301F-11D3-BF4B-00C04F79EFBC}") = "ReviewService.Infrastructure", "src\RentIT.ReviewsService\ReviewService.Infrastructure\ReviewService.Infrastructure.csproj", "{7B013116-C26D-4F7C-A981-4BDFAF096442}"
EndProject
Project("{2150E333-8FDC-42A3-9474-1A3956D46DE8}") = "RentIT.Frontend", "RentIT.Frontend", "{14DE2E9C-9CF7-468F-94E2-3A5F03C8C580}"
EndProject
Project("{54A90642-561A-4BB1-A94E-469ADEE60C69}") = "rentit.frontend.client", "src\RentIT.Frontend\rentit.frontend.client\rentit.frontend.client.esproj", "{E1185AE8-AF28-85BA-F3EC-3D0A1D4BD2F7}"
EndProject
Project("{FAE04EC0-301F-11D3-BF4B-00C04F79EFBC}") = "RentIT.Frontend.Server", "src\RentIT.Frontend\RentIT.Frontend.Server\RentIT.Frontend.Server.csproj", "{CEB0EB3F-E7BC-4104-99AB-4DE279C1E953}"
EndProject
Global
	GlobalSection(SolutionConfigurationPlatforms) = preSolution
		Debug|Any CPU = Debug|Any CPU
		Release|Any CPU = Release|Any CPU
	EndGlobalSection
	GlobalSection(ProjectConfigurationPlatforms) = postSolution
		{781F6924-D5DF-F426-6CE4-F9D61329BA4C}.Debug|Any CPU.ActiveCfg = Debug|Any CPU
		{781F6924-D5DF-F426-6CE4-F9D61329BA4C}.Debug|Any CPU.Build.0 = Debug|Any CPU
		{781F6924-D5DF-F426-6CE4-F9D61329BA4C}.Release|Any CPU.ActiveCfg = Release|Any CPU
		{781F6924-D5DF-F426-6CE4-F9D61329BA4C}.Release|Any CPU.Build.0 = Release|Any CPU
		{0231ECCF-A28B-B302-2775-235AE4242F9F}.Debug|Any CPU.ActiveCfg = Debug|Any CPU
		{0231ECCF-A28B-B302-2775-235AE4242F9F}.Debug|Any CPU.Build.0 = Debug|Any CPU
		{0231ECCF-A28B-B302-2775-235AE4242F9F}.Release|Any CPU.ActiveCfg = Release|Any CPU
		{0231ECCF-A28B-B302-2775-235AE4242F9F}.Release|Any CPU.Build.0 = Release|Any CPU
		{3341C988-0B0E-8B2D-8101-9E26A5739417}.Debug|Any CPU.ActiveCfg = Debug|Any CPU
		{3341C988-0B0E-8B2D-8101-9E26A5739417}.Debug|Any CPU.Build.0 = Debug|Any CPU
		{3341C988-0B0E-8B2D-8101-9E26A5739417}.Release|Any CPU.ActiveCfg = Release|Any CPU
		{3341C988-0B0E-8B2D-8101-9E26A5739417}.Release|Any CPU.Build.0 = Release|Any CPU
		{8D922735-D785-4FD8-9332-CF23726797D1}.Debug|Any CPU.ActiveCfg = Debug|Any CPU
		{8D922735-D785-4FD8-9332-CF23726797D1}.Debug|Any CPU.Build.0 = Debug|Any CPU
		{8D922735-D785-4FD8-9332-CF23726797D1}.Release|Any CPU.ActiveCfg = Release|Any CPU
		{8D922735-D785-4FD8-9332-CF23726797D1}.Release|Any CPU.Build.0 = Release|Any CPU
		{C0DEB7C7-DE7B-4A45-9D09-E6E7EDE3757C}.Debug|Any CPU.ActiveCfg = Debug|Any CPU
		{C0DEB7C7-DE7B-4A45-9D09-E6E7EDE3757C}.Debug|Any CPU.Build.0 = Debug|Any CPU
		{C0DEB7C7-DE7B-4A45-9D09-E6E7EDE3757C}.Release|Any CPU.ActiveCfg = Release|Any CPU
		{C0DEB7C7-DE7B-4A45-9D09-E6E7EDE3757C}.Release|Any CPU.Build.0 = Release|Any CPU
		{3B1C016D-21C6-4187-81DC-21D93B7AD008}.Debug|Any CPU.ActiveCfg = Debug|Any CPU
		{3B1C016D-21C6-4187-81DC-21D93B7AD008}.Debug|Any CPU.Build.0 = Debug|Any CPU
		{3B1C016D-21C6-4187-81DC-21D93B7AD008}.Release|Any CPU.ActiveCfg = Release|Any CPU
		{3B1C016D-21C6-4187-81DC-21D93B7AD008}.Release|Any CPU.Build.0 = Release|Any CPU
		{4ABB08EF-FBFC-4D05-BD0C-E2FC9935E01F}.Debug|Any CPU.ActiveCfg = Debug|Any CPU
		{4ABB08EF-FBFC-4D05-BD0C-E2FC9935E01F}.Debug|Any CPU.Build.0 = Debug|Any CPU
		{4ABB08EF-FBFC-4D05-BD0C-E2FC9935E01F}.Release|Any CPU.ActiveCfg = Release|Any CPU
		{4ABB08EF-FBFC-4D05-BD0C-E2FC9935E01F}.Release|Any CPU.Build.0 = Release|Any CPU
		{6B983BAE-D9CC-49A0-9A04-487125332F21}.Debug|Any CPU.ActiveCfg = Debug|Any CPU
		{6B983BAE-D9CC-49A0-9A04-487125332F21}.Debug|Any CPU.Build.0 = Debug|Any CPU
		{6B983BAE-D9CC-49A0-9A04-487125332F21}.Release|Any CPU.ActiveCfg = Release|Any CPU
		{6B983BAE-D9CC-49A0-9A04-487125332F21}.Release|Any CPU.Build.0 = Release|Any CPU
		{5C5CF09D-5E70-531B-3E4F-DCCD0D6F3906}.Debug|Any CPU.ActiveCfg = Debug|Any CPU
		{5C5CF09D-5E70-531B-3E4F-DCCD0D6F3906}.Debug|Any CPU.Build.0 = Debug|Any CPU
		{5C5CF09D-5E70-531B-3E4F-DCCD0D6F3906}.Release|Any CPU.ActiveCfg = Release|Any CPU
		{5C5CF09D-5E70-531B-3E4F-DCCD0D6F3906}.Release|Any CPU.Build.0 = Release|Any CPU
		{81DDED9D-158B-E303-5F62-77A2896D2A5A}.Debug|Any CPU.ActiveCfg = Debug|Any CPU
		{81DDED9D-158B-E303-5F62-77A2896D2A5A}.Debug|Any CPU.Build.0 = Debug|Any CPU
		{81DDED9D-158B-E303-5F62-77A2896D2A5A}.Release|Any CPU.ActiveCfg = Release|Any CPU
		{81DDED9D-158B-E303-5F62-77A2896D2A5A}.Release|Any CPU.Build.0 = Release|Any CPU
		{587974BC-FFB4-4896-8685-7F25D3C3C284}.Debug|Any CPU.ActiveCfg = Debug|Any CPU
		{587974BC-FFB4-4896-8685-7F25D3C3C284}.Debug|Any CPU.Build.0 = Debug|Any CPU
		{587974BC-FFB4-4896-8685-7F25D3C3C284}.Release|Any CPU.ActiveCfg = Release|Any CPU
		{587974BC-FFB4-4896-8685-7F25D3C3C284}.Release|Any CPU.Build.0 = Release|Any CPU
		{7D21E7AA-2C27-41F6-B54B-4719E2EC3751}.Debug|Any CPU.ActiveCfg = Debug|Any CPU
		{7D21E7AA-2C27-41F6-B54B-4719E2EC3751}.Debug|Any CPU.Build.0 = Debug|Any CPU
		{7D21E7AA-2C27-41F6-B54B-4719E2EC3751}.Release|Any CPU.ActiveCfg = Release|Any CPU
		{7D21E7AA-2C27-41F6-B54B-4719E2EC3751}.Release|Any CPU.Build.0 = Release|Any CPU
		{544EF9B8-A892-49B1-B9C5-2CEE7E4F8FAC}.Debug|Any CPU.ActiveCfg = Debug|Any CPU
		{544EF9B8-A892-49B1-B9C5-2CEE7E4F8FAC}.Debug|Any CPU.Build.0 = Debug|Any CPU
		{544EF9B8-A892-49B1-B9C5-2CEE7E4F8FAC}.Release|Any CPU.ActiveCfg = Release|Any CPU
		{544EF9B8-A892-49B1-B9C5-2CEE7E4F8FAC}.Release|Any CPU.Build.0 = Release|Any CPU
		{7B013116-C26D-4F7C-A981-4BDFAF096442}.Debug|Any CPU.ActiveCfg = Debug|Any CPU
		{7B013116-C26D-4F7C-A981-4BDFAF096442}.Debug|Any CPU.Build.0 = Debug|Any CPU
		{7B013116-C26D-4F7C-A981-4BDFAF096442}.Release|Any CPU.ActiveCfg = Release|Any CPU
		{7B013116-C26D-4F7C-A981-4BDFAF096442}.Release|Any CPU.Build.0 = Release|Any CPU
		{E1185AE8-AF28-85BA-F3EC-3D0A1D4BD2F7}.Debug|Any CPU.ActiveCfg = Debug|Any CPU
		{E1185AE8-AF28-85BA-F3EC-3D0A1D4BD2F7}.Debug|Any CPU.Build.0 = Debug|Any CPU
		{E1185AE8-AF28-85BA-F3EC-3D0A1D4BD2F7}.Debug|Any CPU.Deploy.0 = Debug|Any CPU
		{E1185AE8-AF28-85BA-F3EC-3D0A1D4BD2F7}.Release|Any CPU.ActiveCfg = Release|Any CPU
		{E1185AE8-AF28-85BA-F3EC-3D0A1D4BD2F7}.Release|Any CPU.Build.0 = Release|Any CPU
		{E1185AE8-AF28-85BA-F3EC-3D0A1D4BD2F7}.Release|Any CPU.Deploy.0 = Release|Any CPU
		{CEB0EB3F-E7BC-4104-99AB-4DE279C1E953}.Debug|Any CPU.ActiveCfg = Debug|Any CPU
		{CEB0EB3F-E7BC-4104-99AB-4DE279C1E953}.Debug|Any CPU.Build.0 = Debug|Any CPU
		{CEB0EB3F-E7BC-4104-99AB-4DE279C1E953}.Release|Any CPU.ActiveCfg = Release|Any CPU
		{CEB0EB3F-E7BC-4104-99AB-4DE279C1E953}.Release|Any CPU.Build.0 = Release|Any CPU
	EndGlobalSection
	GlobalSection(SolutionProperties) = preSolution
		HideSolutionNode = FALSE
	EndGlobalSection
	GlobalSection(NestedProjects) = preSolution
		{23685E43-0444-4F34-8115-6F86002D4C27} = {02EA681E-C7D8-13C7-8484-4AC65E1B71E8}
		{781F6924-D5DF-F426-6CE4-F9D61329BA4C} = {23685E43-0444-4F34-8115-6F86002D4C27}
		{0231ECCF-A28B-B302-2775-235AE4242F9F} = {23685E43-0444-4F34-8115-6F86002D4C27}
		{3341C988-0B0E-8B2D-8101-9E26A5739417} = {23685E43-0444-4F34-8115-6F86002D4C27}
		{13019CB7-B3C3-4A90-B3EE-818F55420444} = {02EA681E-C7D8-13C7-8484-4AC65E1B71E8}
		{5CF6391B-A57F-4427-BCBD-1DEEB8D230C1} = {02EA681E-C7D8-13C7-8484-4AC65E1B71E8}
		{8D922735-D785-4FD8-9332-CF23726797D1} = {5CF6391B-A57F-4427-BCBD-1DEEB8D230C1}
		{C0DEB7C7-DE7B-4A45-9D09-E6E7EDE3757C} = {5CF6391B-A57F-4427-BCBD-1DEEB8D230C1}
		{3B1C016D-21C6-4187-81DC-21D93B7AD008} = {13019CB7-B3C3-4A90-B3EE-818F55420444}
		{4ABB08EF-FBFC-4D05-BD0C-E2FC9935E01F} = {13019CB7-B3C3-4A90-B3EE-818F55420444}
		{6B983BAE-D9CC-49A0-9A04-487125332F21} = {13019CB7-B3C3-4A90-B3EE-818F55420444}
		{5C5CF09D-5E70-531B-3E4F-DCCD0D6F3906} = {5CF6391B-A57F-4427-BCBD-1DEEB8D230C1}
		{587974BC-FFB4-4896-8685-7F25D3C3C284} = {02EA681E-C7D8-13C7-8484-4AC65E1B71E8}
		{7E000646-1364-4A66-AED4-60AF16E54D51} = {02EA681E-C7D8-13C7-8484-4AC65E1B71E8}
		{7D21E7AA-2C27-41F6-B54B-4719E2EC3751} = {7E000646-1364-4A66-AED4-60AF16E54D51}
		{544EF9B8-A892-49B1-B9C5-2CEE7E4F8FAC} = {7E000646-1364-4A66-AED4-60AF16E54D51}
		{7B013116-C26D-4F7C-A981-4BDFAF096442} = {7E000646-1364-4A66-AED4-60AF16E54D51}
		{14DE2E9C-9CF7-468F-94E2-3A5F03C8C580} = {02EA681E-C7D8-13C7-8484-4AC65E1B71E8}
		{E1185AE8-AF28-85BA-F3EC-3D0A1D4BD2F7} = {14DE2E9C-9CF7-468F-94E2-3A5F03C8C580}
		{CEB0EB3F-E7BC-4104-99AB-4DE279C1E953} = {14DE2E9C-9CF7-468F-94E2-3A5F03C8C580}
	EndGlobalSection
	GlobalSection(ExtensibilityGlobals) = postSolution
		SolutionGuid = {3B4ED6B7-1926-45F4-B6DD-392B68932D4A}
	EndGlobalSection
EndGlobal
